// !$*UTF8*$!
{
	archiveVersion = 1;
	classes = {
	};
	objectVersion = 46;
	objects = {

/* Begin PBXBuildFile section */
		B9A798CD1D508B4500C28A49 /* main.m in Sources */ = {isa = PBXBuildFile; fileRef = B9A798CC1D508B4500C28A49 /* main.m */; };
		B9A798D01D508B4500C28A49 /* AppDelegate.m in Sources */ = {isa = PBXBuildFile; fileRef = B9A798CF1D508B4500C28A49 /* AppDelegate.m */; };
		B9A798D31D508B4500C28A49 /* ViewController.m in Sources */ = {isa = PBXBuildFile; fileRef = B9A798D21D508B4500C28A49 /* ViewController.m */; };
		B9A798D61D508B4500C28A49 /* Main.storyboard in Resources */ = {isa = PBXBuildFile; fileRef = B9A798D41D508B4500C28A49 /* Main.storyboard */; };
		B9A798D81D508B4500C28A49 /* Assets.xcassets in Resources */ = {isa = PBXBuildFile; fileRef = B9A798D71D508B4500C28A49 /* Assets.xcassets */; };
		B9A798DB1D508B4500C28A49 /* LaunchScreen.storyboard in Resources */ = {isa = PBXBuildFile; fileRef = B9A798D91D508B4500C28A49 /* LaunchScreen.storyboard */; };
		B9A798E61D508B4500C28A49 /* searchtestTests.m in Sources */ = {isa = PBXBuildFile; fileRef = B9A798E51D508B4500C28A49 /* searchtestTests.m */; };
		B9A798F11D508B4500C28A49 /* searchtestUITests.m in Sources */ = {isa = PBXBuildFile; fileRef = B9A798F01D508B4500C28A49 /* searchtestUITests.m */; };
		B9A799001D50A14B00C28A49 /* SearchView.m in Sources */ = {isa = PBXBuildFile; fileRef = B9A798FF1D50A14B00C28A49 /* SearchView.m */; };
		B9A799021D50A16500C28A49 /* SearchView.xib in Resources */ = {isa = PBXBuildFile; fileRef = B9A799011D50A16500C28A49 /* SearchView.xib */; };
/* End PBXBuildFile section */

/* Begin PBXContainerItemProxy section */
		B9A798E21D508B4500C28A49 /* PBXContainerItemProxy */ = {
			isa = PBXContainerItemProxy;
			containerPortal = B9A798C01D508B4500C28A49 /* Project object */;
			proxyType = 1;
			remoteGlobalIDString = B9A798C71D508B4500C28A49;
			remoteInfo = searchtest;
		};
		B9A798ED1D508B4500C28A49 /* PBXContainerItemProxy */ = {
			isa = PBXContainerItemProxy;
			containerPortal = B9A798C01D508B4500C28A49 /* Project object */;
			proxyType = 1;
			remoteGlobalIDString = B9A798C71D508B4500C28A49;
			remoteInfo = searchtest;
		};
/* End PBXContainerItemProxy section */

/* Begin PBXFileReference section */
		B9A798C81D508B4500C28A49 /* searchtest.app */ = {isa = PBXFileReference; explicitFileType = wrapper.application; includeInIndex = 0; path = searchtest.app; sourceTree = BUILT_PRODUCTS_DIR; };
		B9A798CC1D508B4500C28A49 /* main.m */ = {isa = PBXFileReference; lastKnownFileType = sourcecode.c.objc; path = main.m; sourceTree = "<group>"; };
		B9A798CE1D508B4500C28A49 /* AppDelegate.h */ = {isa = PBXFileReference; lastKnownFileType = sourcecode.c.h; path = AppDelegate.h; sourceTree = "<group>"; };
		B9A798CF1D508B4500C28A49 /* AppDelegate.m */ = {isa = PBXFileReference; lastKnownFileType = sourcecode.c.objc; path = AppDelegate.m; sourceTree = "<group>"; };
		B9A798D11D508B4500C28A49 /* ViewController.h */ = {isa = PBXFileReference; lastKnownFileType = sourcecode.c.h; path = ViewController.h; sourceTree = "<group>"; };
		B9A798D21D508B4500C28A49 /* ViewController.m */ = {isa = PBXFileReference; lastKnownFileType = sourcecode.c.objc; path = ViewController.m; sourceTree = "<group>"; };
		B9A798D51D508B4500C28A49 /* Base */ = {isa = PBXFileReference; lastKnownFileType = file.storyboard; name = Base; path = Base.lproj/Main.storyboard; sourceTree = "<group>"; };
		B9A798D71D508B4500C28A49 /* Assets.xcassets */ = {isa = PBXFileReference; lastKnownFileType = folder.assetcatalog; path = Assets.xcassets; sourceTree = "<group>"; };
		B9A798DA1D508B4500C28A49 /* Base */ = {isa = PBXFileReference; lastKnownFileType = file.storyboard; name = Base; path = Base.lproj/LaunchScreen.storyboard; sourceTree = "<group>"; };
		B9A798DC1D508B4500C28A49 /* Info.plist */ = {isa = PBXFileReference; lastKnownFileType = text.plist.xml; path = Info.plist; sourceTree = "<group>"; };
		B9A798E11D508B4500C28A49 /* searchtestTests.xctest */ = {isa = PBXFileReference; explicitFileType = wrapper.cfbundle; includeInIndex = 0; path = searchtestTests.xctest; sourceTree = BUILT_PRODUCTS_DIR; };
		B9A798E51D508B4500C28A49 /* searchtestTests.m */ = {isa = PBXFileReference; lastKnownFileType = sourcecode.c.objc; path = searchtestTests.m; sourceTree = "<group>"; };
		B9A798E71D508B4500C28A49 /* Info.plist */ = {isa = PBXFileReference; lastKnownFileType = text.plist.xml; path = Info.plist; sourceTree = "<group>"; };
		B9A798EC1D508B4500C28A49 /* searchtestUITests.xctest */ = {isa = PBXFileReference; explicitFileType = wrapper.cfbundle; includeInIndex = 0; path = searchtestUITests.xctest; sourceTree = BUILT_PRODUCTS_DIR; };
		B9A798F01D508B4500C28A49 /* searchtestUITests.m */ = {isa = PBXFileReference; lastKnownFileType = sourcecode.c.objc; path = searchtestUITests.m; sourceTree = "<group>"; };
		B9A798F21D508B4500C28A49 /* Info.plist */ = {isa = PBXFileReference; lastKnownFileType = text.plist.xml; path = Info.plist; sourceTree = "<group>"; };
		B9A798FE1D50A14B00C28A49 /* SearchView.h */ = {isa = PBXFileReference; fileEncoding = 4; lastKnownFileType = sourcecode.c.h; path = SearchView.h; sourceTree = "<group>"; };
		B9A798FF1D50A14B00C28A49 /* SearchView.m */ = {isa = PBXFileReference; fileEncoding = 4; lastKnownFileType = sourcecode.c.objc; path = SearchView.m; sourceTree = "<group>"; };
		B9A799011D50A16500C28A49 /* SearchView.xib */ = {isa = PBXFileReference; fileEncoding = 4; lastKnownFileType = file.xib; path = SearchView.xib; sourceTree = "<group>"; };
/* End PBXFileReference section */

/* Begin PBXFrameworksBuildPhase section */
		B9A798C51D508B4500C28A49 /* Frameworks */ = {
			isa = PBXFrameworksBuildPhase;
			buildActionMask = 2147483647;
			files = (
			);
			runOnlyForDeploymentPostprocessing = 0;
		};
		B9A798DE1D508B4500C28A49 /* Frameworks */ = {
			isa = PBXFrameworksBuildPhase;
			buildActionMask = 2147483647;
			files = (
			);
			runOnlyForDeploymentPostprocessing = 0;
		};
		B9A798E91D508B4500C28A49 /* Frameworks */ = {
			isa = PBXFrameworksBuildPhase;
			buildActionMask = 2147483647;
			files = (
			);
			runOnlyForDeploymentPostprocessing = 0;
		};
/* End PBXFrameworksBuildPhase section */

/* Begin PBXGroup section */
		B9A798BF1D508B4500C28A49 = {
			isa = PBXGroup;
			children = (
				B9A798CA1D508B4500C28A49 /* searchtest */,
				B9A798E41D508B4500C28A49 /* searchtestTests */,
				B9A798EF1D508B4500C28A49 /* searchtestUITests */,
				B9A798C91D508B4500C28A49 /* Products */,
			);
			sourceTree = "<group>";
		};
		B9A798C91D508B4500C28A49 /* Products */ = {
			isa = PBXGroup;
			children = (
				B9A798C81D508B4500C28A49 /* searchtest.app */,
				B9A798E11D508B4500C28A49 /* searchtestTests.xctest */,
				B9A798EC1D508B4500C28A49 /* searchtestUITests.xctest */,
			);
			name = Products;
			sourceTree = "<group>";
		};
		B9A798CA1D508B4500C28A49 /* searchtest */ = {
			isa = PBXGroup;
			children = (
				B9A798CE1D508B4500C28A49 /* AppDelegate.h */,
				B9A798CF1D508B4500C28A49 /* AppDelegate.m */,
				B9A798D11D508B4500C28A49 /* ViewController.h */,
				B9A798D21D508B4500C28A49 /* ViewController.m */,
				B9A798FE1D50A14B00C28A49 /* SearchView.h */,
				B9A798FF1D50A14B00C28A49 /* SearchView.m */,
				B9A799011D50A16500C28A49 /* SearchView.xib */,
				B9A798D41D508B4500C28A49 /* Main.storyboard */,
				B9A798D71D508B4500C28A49 /* Assets.xcassets */,
				B9A798D91D508B4500C28A49 /* LaunchScreen.storyboard */,
				B9A798DC1D508B4500C28A49 /* Info.plist */,
				B9A798CB1D508B4500C28A49 /* Supporting Files */,
			);
			path = searchtest;
			sourceTree = "<group>";
		};
		B9A798CB1D508B4500C28A49 /* Supporting Files */ = {
			isa = PBXGroup;
			children = (
				B9A798CC1D508B4500C28A49 /* main.m */,
			);
			name = "Supporting Files";
			sourceTree = "<group>";
		};
		B9A798E41D508B4500C28A49 /* searchtestTests */ = {
			isa = PBXGroup;
			children = (
				B9A798E51D508B4500C28A49 /* searchtestTests.m */,
				B9A798E71D508B4500C28A49 /* Info.plist */,
			);
			path = searchtestTests;
			sourceTree = "<group>";
		};
		B9A798EF1D508B4500C28A49 /* searchtestUITests */ = {
			isa = PBXGroup;
			children = (
				B9A798F01D508B4500C28A49 /* searchtestUITests.m */,
				B9A798F21D508B4500C28A49 /* Info.plist */,
			);
			path = searchtestUITests;
			sourceTree = "<group>";
		};
/* End PBXGroup section */

/* Begin PBXNativeTarget section */
		B9A798C71D508B4500C28A49 /* searchtest */ = {
			isa = PBXNativeTarget;
			buildConfigurationList = B9A798F51D508B4500C28A49 /* Build configuration list for PBXNativeTarget "searchtest" */;
			buildPhases = (
				B9A798C41D508B4500C28A49 /* Sources */,
				B9A798C51D508B4500C28A49 /* Frameworks */,
				B9A798C61D508B4500C28A49 /* Resources */,
			);
			buildRules = (
			);
			dependencies = (
			);
			name = searchtest;
			productName = searchtest;
			productReference = B9A798C81D508B4500C28A49 /* searchtest.app */;
			productType = "com.apple.product-type.application";
		};
		B9A798E01D508B4500C28A49 /* searchtestTests */ = {
			isa = PBXNativeTarget;
			buildConfigurationList = B9A798F81D508B4500C28A49 /* Build configuration list for PBXNativeTarget "searchtestTests" */;
			buildPhases = (
				B9A798DD1D508B4500C28A49 /* Sources */,
				B9A798DE1D508B4500C28A49 /* Frameworks */,
				B9A798DF1D508B4500C28A49 /* Resources */,
			);
			buildRules = (
			);
			dependencies = (
				B9A798E31D508B4500C28A49 /* PBXTargetDependency */,
			);
			name = searchtestTests;
			productName = searchtestTests;
			productReference = B9A798E11D508B4500C28A49 /* searchtestTests.xctest */;
			productType = "com.apple.product-type.bundle.unit-test";
		};
		B9A798EB1D508B4500C28A49 /* searchtestUITests */ = {
			isa = PBXNativeTarget;
			buildConfigurationList = B9A798FB1D508B4500C28A49 /* Build configuration list for PBXNativeTarget "searchtestUITests" */;
			buildPhases = (
				B9A798E81D508B4500C28A49 /* Sources */,
				B9A798E91D508B4500C28A49 /* Frameworks */,
				B9A798EA1D508B4500C28A49 /* Resources */,
			);
			buildRules = (
			);
			dependencies = (
				B9A798EE1D508B4500C28A49 /* PBXTargetDependency */,
			);
			name = searchtestUITests;
			productName = searchtestUITests;
			productReference = B9A798EC1D508B4500C28A49 /* searchtestUITests.xctest */;
			productType = "com.apple.product-type.bundle.ui-testing";
		};
/* End PBXNativeTarget section */

/* Begin PBXProject section */
		B9A798C01D508B4500C28A49 /* Project object */ = {
			isa = PBXProject;
			attributes = {
				LastUpgradeCheck = 0730;
				ORGANIZATIONNAME = MRxiao;
				TargetAttributes = {
					B9A798C71D508B4500C28A49 = {
						CreatedOnToolsVersion = 7.3.1;
					};
					B9A798E01D508B4500C28A49 = {
						CreatedOnToolsVersion = 7.3.1;
						TestTargetID = B9A798C71D508B4500C28A49;
					};
					B9A798EB1D508B4500C28A49 = {
						CreatedOnToolsVersion = 7.3.1;
						TestTargetID = B9A798C71D508B4500C28A49;
					};
				};
			};
			buildConfigurationList = B9A798C31D508B4500C28A49 /* Build configuration list for PBXProject "searchtest" */;
			compatibilityVersion = "Xcode 3.2";
			developmentRegion = English;
			hasScannedForEncodings = 0;
			knownRegions = (
				en,
				Base,
			);
			mainGroup = B9A798BF1D508B4500C28A49;
			productRefGroup = B9A798C91D508B4500C28A49 /* Products */;
			projectDirPath = "";
			projectRoot = "";
			targets = (
				B9A798C71D508B4500C28A49 /* searchtest */,
				B9A798E01D508B4500C28A49 /* searchtestTests */,
				B9A798EB1D508B4500C28A49 /* searchtestUITests */,
			);
		};
/* End PBXProject section */

/* Begin PBXResourcesBuildPhase section */
		B9A798C61D508B4500C28A49 /* Resources */ = {
			isa = PBXResourcesBuildPhase;
			buildActionMask = 2147483647;
			files = (
				B9A799021D50A16500C28A49 /* SearchView.xib in Resources */,
				B9A798DB1D508B4500C28A49 /* LaunchScreen.storyboard in Resources */,
				B9A798D81D508B4500C28A49 /* Assets.xcassets in Resources */,
				B9A798D61D508B4500C28A49 /* Main.storyboard in Resources */,
			);
			runOnlyForDeploymentPostprocessing = 0;
		};
		B9A798DF1D508B4500C28A49 /* Resources */ = {
			isa = PBXResourcesBuildPhase;
			buildActionMask = 2147483647;
			files = (
			);
			runOnlyForDeploymentPostprocessing = 0;
		};
		B9A798EA1D508B4500C28A49 /* Resources */ = {
			isa = PBXResourcesBuildPhase;
			buildActionMask = 2147483647;
			files = (
			);
			runOnlyForDeploymentPostprocessing = 0;
		};
/* End PBXResourcesBuildPhase section */

/* Begin PBXSourcesBuildPhase section */
		B9A798C41D508B4500C28A49 /* Sources */ = {
			isa = PBXSourcesBuildPhase;
			buildActionMask = 2147483647;
			files = (
				B9A799001D50A14B00C28A49 /* SearchView.m in Sources */,
				B9A798D31D508B4500C28A49 /* ViewController.m in Sources */,
				B9A798D01D508B4500C28A49 /* AppDelegate.m in Sources */,
				B9A798CD1D508B4500C28A49 /* main.m in Sources */,
			);
			runOnlyForDeploymentPostprocessing = 0;
		};
		B9A798DD1D508B4500C28A49 /* Sources */ = {
			isa = PBXSourcesBuildPhase;
			buildActionMask = 2147483647;
			files = (
				B9A798E61D508B4500C28A49 /* searchtestTests.m in Sources */,
			);
			runOnlyForDeploymentPostprocessing = 0;
		};
		B9A798E81D508B4500C28A49 /* Sources */ = {
			isa = PBXSourcesBuildPhase;
			buildActionMask = 2147483647;
			files = (
				B9A798F11D508B4500C28A49 /* searchtestUITests.m in Sources */,
			);
			runOnlyForDeploymentPostprocessing = 0;
		};
/* End PBXSourcesBuildPhase section */

/* Begin PBXTargetDependency section */
		B9A798E31D508B4500C28A49 /* PBXTargetDependency */ = {
			isa = PBXTargetDependency;
			target = B9A798C71D508B4500C28A49 /* searchtest */;
			targetProxy = B9A798E21D508B4500C28A49 /* PBXContainerItemProxy */;
		};
		B9A798EE1D508B4500C28A49 /* PBXTargetDependency */ = {
			isa = PBXTargetDependency;
			target = B9A798C71D508B4500C28A49 /* searchtest */;
			targetProxy = B9A798ED1D508B4500C28A49 /* PBXContainerItemProxy */;
		};
/* End PBXTargetDependency section */

/* Begin PBXVariantGroup section */
		B9A798D41D508B4500C28A49 /* Main.storyboard */ = {
			isa = PBXVariantGroup;
			children = (
				B9A798D51D508B4500C28A49 /* Base */,
			);
			name = Main.storyboard;
			sourceTree = "<group>";
		};
		B9A798D91D508B4500C28A49 /* LaunchScreen.storyboard */ = {
			isa = PBXVariantGroup;
			children = (
				B9A798DA1D508B4500C28A49 /* Base */,
			);
			name = LaunchScreen.storyboard;
			sourceTree = "<group>";
		};
/* End PBXVariantGroup section */

/* Begin XCBuildConfiguration section */
		B9A798F31D508B4500C28A49 /* Debug */ = {
			isa = XCBuildConfiguration;
			buildSettings = {
				ALWAYS_SEARCH_USER_PATHS = NO;
				CLANG_ANALYZER_NONNULL = YES;
				CLANG_CXX_LANGUAGE_STANDARD = "gnu++0x";
				CLANG_CXX_LIBRARY = "libc++";
				CLANG_ENABLE_MODULES = YES;
				CLANG_ENABLE_OBJC_ARC = YES;
				CLANG_WARN_BOOL_CONVERSION = YES;
				CLANG_WARN_CONSTANT_CONVERSION = YES;
				CLANG_WARN_DIRECT_OBJC_ISA_USAGE = YES_ERROR;
				CLANG_WARN_EMPTY_BODY = YES;
				CLANG_WARN_ENUM_CONVERSION = YES;
				CLANG_WARN_INT_CONVERSION = YES;
				CLANG_WARN_OBJC_ROOT_CLASS = YES_ERROR;
				CLANG_WARN_UNREACHABLE_CODE = YES;
				CLANG_WARN__DUPLICATE_METHOD_MATCH = YES;
				"CODE_SIGN_IDENTITY[sdk=iphoneos*]" = "iPhone Developer";
				COPY_PHASE_STRIP = NO;
				DEBUG_INFORMATION_FORMAT = dwarf;
				ENABLE_STRICT_OBJC_MSGSEND = YES;
				ENABLE_TESTABILITY = YES;
				GCC_C_LANGUAGE_STANDARD = gnu99;
				GCC_DYNAMIC_NO_PIC = NO;
				GCC_NO_COMMON_BLOCKS = YES;
				GCC_OPTIMIZATION_LEVEL = 0;
				GCC_PREPROCESSOR_DEFINITIONS = (
					"DEBUG=1",
					"$(inherited)",
				);
				GCC_WARN_64_TO_32_BIT_CONVERSION = YES;
				GCC_WARN_ABOUT_RETURN_TYPE = YES_ERROR;
				GCC_WARN_UNDECLARED_SELECTOR = YES;
				GCC_WARN_UNINITIALIZED_AUTOS = YES_AGGRESSIVE;
				GCC_WARN_UNUSED_FUNCTION = YES;
				GCC_WARN_UNUSED_VARIABLE = YES;
				IPHONEOS_DEPLOYMENT_TARGET = 9.3;
				MTL_ENABLE_DEBUG_INFO = YES;
				ONLY_ACTIVE_ARCH = YES;
				SDKROOT = iphoneos;
			};
			name = Debug;
		};
		B9A798F41D508B4500C28A49 /* Release */ = {
			isa = XCBuildConfiguration;
			buildSettings = {
				ALWAYS_SEARCH_USER_PATHS = NO;
				CLANG_ANALYZER_NONNULL = YES;
				CLANG_CXX_LANGUAGE_STANDARD = "gnu++0x";
				CLANG_CXX_LIBRARY = "libc++";
				CLANG_ENABLE_MODULES = YES;
				CLANG_ENABLE_OBJC_ARC = YES;
				CLANG_WARN_BOOL_CONVERSION = YES;
				CLANG_WARN_CONSTANT_CONVERSION = YES;
				CLANG_WARN_DIRECT_OBJC_ISA_USAGE = YES_ERROR;
				CLANG_WARN_EMPTY_BODY = YES;
				CLANG_WARN_ENUM_CONVERSION = YES;
				CLANG_WARN_INT_CONVERSION = YES;
				CLANG_WARN_OBJC_ROOT_CLASS = YES_ERROR;
				CLANG_WARN_UNREACHABLE_CODE = YES;
				CLANG_WARN__DUPLICATE_METHOD_MATCH = YES;
				"CODE_SIGN_IDENTITY[sdk=iphoneos*]" = "iPhone Developer";
				COPY_PHASE_STRIP = NO;
				DEBUG_INFORMATION_FORMAT = "dwarf-with-dsym";
				ENABLE_NS_ASSERTIONS = NO;
				ENABLE_STRICT_OBJC_MSGSEND = YES;
				GCC_C_LANGUAGE_STANDARD = gnu99;
				GCC_NO_COMMON_BLOCKS = YES;
				GCC_WARN_64_TO_32_BIT_CONVERSION = YES;
				GCC_WARN_ABOUT_RETURN_TYPE = YES_ERROR;
				GCC_WARN_UNDECLARED_SELECTOR = YES;
				GCC_WARN_UNINITIALIZED_AUTOS = YES_AGGRESSIVE;
				GCC_WARN_UNUSED_FUNCTION = YES;
				GCC_WARN_UNUSED_VARIABLE = YES;
				IPHONEOS_DEPLOYMENT_TARGET = 9.3;
				MTL_ENABLE_DEBUG_INFO = NO;
				SDKROOT = iphoneos;
				VALIDATE_PRODUCT = YES;
			};
			name = Release;
		};
		B9A798F61D508B4500C28A49 /* Debug */ = {
			isa = XCBuildConfiguration;
			buildSettings = {
				ASSETCATALOG_COMPILER_APPICON_NAME = AppIcon;
				INFOPLIST_FILE = searchtest/Info.plist;
				LD_RUNPATH_SEARCH_PATHS = "$(inherited) @executable_path/Frameworks";
				PRODUCT_BUNDLE_IDENTIFIER = com.iostest.searchtest;
				PRODUCT_NAME = "$(TARGET_NAME)";
			};
			name = Debug;
		};
		B9A798F71D508B4500C28A49 /* Release */ = {
			isa = XCBuildConfiguration;
			buildSettings = {
				ASSETCATALOG_COMPILER_APPICON_NAME = AppIcon;
				INFOPLIST_FILE = searchtest/Info.plist;
				LD_RUNPATH_SEARCH_PATHS = "$(inherited) @executable_path/Frameworks";
				PRODUCT_BUNDLE_IDENTIFIER = com.iostest.searchtest;
				PRODUCT_NAME = "$(TARGET_NAME)";
			};
			name = Release;
		};
		B9A798F91D508B4500C28A49 /* Debug */ = {
			isa = XCBuildConfiguration;
			buildSettings = {
				BUNDLE_LOADER = "$(TEST_HOST)";
				INFOPLIST_FILE = searchtestTests/Info.plist;
				LD_RUNPATH_SEARCH_PATHS = "$(inherited) @executable_path/Frameworks @loader_path/Frameworks";
				PRODUCT_BUNDLE_IDENTIFIER = com.iostest.searchtestTests;
				PRODUCT_NAME = "$(TARGET_NAME)";
				TEST_HOST = "$(BUILT_PRODUCTS_DIR)/searchtest.app/searchtest";
			};
			name = Debug;
		};
		B9A798FA1D508B4500C28A49 /* Release */ = {
			isa = XCBuildConfiguration;
			buildSettings = {
				BUNDLE_LOADER = "$(TEST_HOST)";
				INFOPLIST_FILE = searchtestTests/Info.plist;
				LD_RUNPATH_SEARCH_PATHS = "$(inherited) @executable_path/Frameworks @loader_path/Frameworks";
				PRODUCT_BUNDLE_IDENTIFIER = com.iostest.searchtestTests;
				PRODUCT_NAME = "$(TARGET_NAME)";
				TEST_HOST = "$(BUILT_PRODUCTS_DIR)/searchtest.app/searchtest";
			};
			name = Release;
		};
		B9A798FC1D508B4500C28A49 /* Debug */ = {
			isa = XCBuildConfiguration;
			buildSettings = {
				INFOPLIST_FILE = searchtestUITests/Info.plist;
				LD_RUNPATH_SEARCH_PATHS = "$(inherited) @executable_path/Frameworks @loader_path/Frameworks";
				PRODUCT_BUNDLE_IDENTIFIER = com.iostest.searchtestUITests;
				PRODUCT_NAME = "$(TARGET_NAME)";
				TEST_TARGET_NAME = searchtest;
			};
			name = Debug;
		};
		B9A798FD1D508B4500C28A49 /* Release */ = {
			isa = XCBuildConfiguration;
			buildSettings = {
				INFOPLIST_FILE = searchtestUITests/Info.plist;
				LD_RUNPATH_SEARCH_PATHS = "$(inherited) @executable_path/Frameworks @loader_path/Frameworks";
				PRODUCT_BUNDLE_IDENTIFIER = com.iostest.searchtestUITests;
				PRODUCT_NAME = "$(TARGET_NAME)";
				TEST_TARGET_NAME = searchtest;
			};
			name = Release;
		};
/* End XCBuildConfiguration section */

/* Begin XCConfigurationList section */
		B9A798C31D508B4500C28A49 /* Build configuration list for PBXProject "searchtest" */ = {
			isa = XCConfigurationList;
			buildConfigurations = (
				B9A798F31D508B4500C28A49 /* Debug */,
				B9A798F41D508B4500C28A49 /* Release */,
			);
			defaultConfigurationIsVisible = 0;
			defaultConfigurationName = Release;
		};
		B9A798F51D508B4500C28A49 /* Build configuration list for PBXNativeTarget "searchtest" */ = {
			isa = XCConfigurationList;
			buildConfigurations = (
				B9A798F61D508B4500C28A49 /* Debug */,
				B9A798F71D508B4500C28A49 /* Release */,
			);
			defaultConfigurationIsVisible = 0;
		};
		B9A798F81D508B4500C28A49 /* Build configuration list for PBXNativeTarget "searchtestTests" */ = {
			isa = XCConfigurationList;
			buildConfigurations = (
				B9A798F91D508B4500C28A49 /* Debug */,
				B9A798FA1D508B4500C28A49 /* Release */,
			);
			defaultConfigurationIsVisible = 0;
		};
		B9A798FB1D508B4500C28A49 /* Build configuration list for PBXNativeTarget "searchtestUITests" */ = {
			isa = XCConfigurationList;
			buildConfigurations = (
				B9A798FC1D508B4500C28A49 /* Debug */,
				B9A798FD1D508B4500C28A49 /* Release */,
			);
			defaultConfigurationIsVisible = 0;
		};
/* End XCConfigurationList section */
	};
	rootObject = B9A798C01D508B4500C28A49 /* Project object */;
}
